
Microsoft Visual Studio Solution File, Format Version 12.00
# Visual Studio Version 16
VisualStudioVersion = 16.0.30114.105
MinimumVisualStudioVersion = 10.0.40219.1
Project("{FAE04EC0-301F-11D3-BF4B-00C04F79EFBC}") = "API", "API\API.csproj", "{06E95986-7948-44B5-A2C7-8BA6B8C39104}"
EndProject
Project("{FAE04EC0-301F-11D3-BF4B-00C04F79EFBC}") = "Application", "Application\Application.csproj", "{9F60C852-B9A3-48D3-8254-C51EC52477BE}"
EndProject
Project("{FAE04EC0-301F-11D3-BF4B-00C04F79EFBC}") = "Persistence", "Persistence\Persistence.csproj", "{C6539AE6-3174-4FBD-98D0-5818572CF878}"
EndProject
Project("{FAE04EC0-301F-11D3-BF4B-00C04F79EFBC}") = "Domain", "Domain\Domain.csproj", "{3299DDF7-4E06-472E-B601-75BFEC31A17F}"
EndProject
Global
	GlobalSection(SolutionConfigurationPlatforms) = preSolution
		Debug|Any CPU = Debug|Any CPU
		Release|Any CPU = Release|Any CPU
	EndGlobalSection
	GlobalSection(SolutionProperties) = preSolution
		HideSolutionNode = FALSE
	EndGlobalSection
	GlobalSection(ProjectConfigurationPlatforms) = postSolution
		{06E95986-7948-44B5-A2C7-8BA6B8C39104}.Debug|Any CPU.ActiveCfg = Debug|Any CPU
		{06E95986-7948-44B5-A2C7-8BA6B8C39104}.Debug|Any CPU.Build.0 = Debug|Any CPU
		{06E95986-7948-44B5-A2C7-8BA6B8C39104}.Release|Any CPU.ActiveCfg = Release|Any CPU
		{06E95986-7948-44B5-A2C7-8BA6B8C39104}.Release|Any CPU.Build.0 = Release|Any CPU
		{9F60C852-B9A3-48D3-8254-C51EC52477BE}.Debug|Any CPU.ActiveCfg = Debug|Any CPU
		{9F60C852-B9A3-48D3-8254-C51EC52477BE}.Debug|Any CPU.Build.0 = Debug|Any CPU
		{9F60C852-B9A3-48D3-8254-C51EC52477BE}.Release|Any CPU.ActiveCfg = Release|Any CPU
		{9F60C852-B9A3-48D3-8254-C51EC52477BE}.Release|Any CPU.Build.0 = Release|Any CPU
		{C6539AE6-3174-4FBD-98D0-5818572CF878}.Debug|Any CPU.ActiveCfg = Debug|Any CPU
		{C6539AE6-3174-4FBD-98D0-5818572CF878}.Debug|Any CPU.Build.0 = Debug|Any CPU
		{C6539AE6-3174-4FBD-98D0-5818572CF878}.Release|Any CPU.ActiveCfg = Release|Any CPU
		{C6539AE6-3174-4FBD-98D0-5818572CF878}.Release|Any CPU.Build.0 = Release|Any CPU
		{3299DDF7-4E06-472E-B601-75BFEC31A17F}.Debug|Any CPU.ActiveCfg = Debug|Any CPU
		{3299DDF7-4E06-472E-B601-75BFEC31A17F}.Debug|Any CPU.Build.0 = Debug|Any CPU
		{3299DDF7-4E06-472E-B601-75BFEC31A17F}.Release|Any CPU.ActiveCfg = Release|Any CPU
		{3299DDF7-4E06-472E-B601-75BFEC31A17F}.Release|Any CPU.Build.0 = Release|Any CPU
	EndGlobalSection
EndGlobal
